
Microsoft Visual Studio Solution File, Format Version 12.00
# Visual Studio 2013
VisualStudioVersion = 12.0.30501.0
MinimumVisualStudioVersion = 10.0.40219.1
Project("{FAE04EC0-301F-11D3-BF4B-00C04F79EFBC}") = "WindowsFormsApplication2", "WindowsFormsApplication2\WindowsFormsApplication2.csproj", "{94239617-F0F4-4550-8E01-A75D697D3B61}"
EndProject
Project("{F088123C-0E9E-452A-89E6-6BA2F21D5CAC}") = "UML-Models", "UML-Models\UML-Models.modelproj", "{071F8F7F-8BDF-4F91-AB9F-BB72F8407247}"
EndProject
Global
	GlobalSection(SolutionConfigurationPlatforms) = preSolution
		Debug|Any CPU = Debug|Any CPU
		Release|Any CPU = Release|Any CPU
	EndGlobalSection
	GlobalSection(ProjectConfigurationPlatforms) = postSolution
		{94239617-F0F4-4550-8E01-A75D697D3B61}.Debug|Any CPU.ActiveCfg = Debug|Any CPU
		{94239617-F0F4-4550-8E01-A75D697D3B61}.Debug|Any CPU.Build.0 = Debug|Any CPU
		{94239617-F0F4-4550-8E01-A75D697D3B61}.Release|Any CPU.ActiveCfg = Release|Any CPU
		{94239617-F0F4-4550-8E01-A75D697D3B61}.Release|Any CPU.Build.0 = Release|Any CPU
		{071F8F7F-8BDF-4F91-AB9F-BB72F8407247}.Debug|Any CPU.ActiveCfg = Debug|Any CPU
		{071F8F7F-8BDF-4F91-AB9F-BB72F8407247}.Debug|Any CPU.Build.0 = Debug|Any CPU
		{071F8F7F-8BDF-4F91-AB9F-BB72F8407247}.Release|Any CPU.ActiveCfg = Release|Any CPU
		{071F8F7F-8BDF-4F91-AB9F-BB72F8407247}.Release|Any CPU.Build.0 = Release|Any CPU
	EndGlobalSection
	GlobalSection(SolutionProperties) = preSolution
		HideSolutionNode = FALSE
	EndGlobalSection
EndGlobal
